
Microsoft Visual Studio Solution File, Format Version 12.00
# Visual Studio 15
VisualStudioVersion = 15.0.26430.16
MinimumVisualStudioVersion = 10.0.40219.1
Project("{2150E333-8FDC-42A3-9474-1A3956D46DE8}") = "tests", "tests", "{F5DD5D87-901E-4F7F-A87D-4E7D1FA59C1D}"
EndProject
Project("{9A19103F-16F7-4668-BE54-9A1E7A4F7556}") = "Syringe.Web", "src\Syringe.Web\Syringe.Web.csproj", "{AFCB4F82-79DF-41DB-B080-C4BD12842E42}"
EndProject
Project("{9A19103F-16F7-4668-BE54-9A1E7A4F7556}") = "Syringe.Core", "src\Syringe.Core\Syringe.Core.csproj", "{C70928DC-B3ED-403D-B498-A14B5AD672DC}"
EndProject
Project("{9A19103F-16F7-4668-BE54-9A1E7A4F7556}") = "Syringe.Service", "src\Syringe.Service\Syringe.Service.csproj", "{29D9DDCD-C977-4E74-AA87-FC7DC338644B}"
EndProject
Global
	GlobalSection(SolutionConfigurationPlatforms) = preSolution
		Debug|Any CPU = Debug|Any CPU
		Release|Any CPU = Release|Any CPU
	EndGlobalSection
	GlobalSection(ProjectConfigurationPlatforms) = postSolution
		{AFCB4F82-79DF-41DB-B080-C4BD12842E42}.Debug|Any CPU.ActiveCfg = Debug|Any CPU
		{AFCB4F82-79DF-41DB-B080-C4BD12842E42}.Debug|Any CPU.Build.0 = Debug|Any CPU
		{AFCB4F82-79DF-41DB-B080-C4BD12842E42}.Release|Any CPU.ActiveCfg = Release|Any CPU
		{AFCB4F82-79DF-41DB-B080-C4BD12842E42}.Release|Any CPU.Build.0 = Release|Any CPU
		{C70928DC-B3ED-403D-B498-A14B5AD672DC}.Debug|Any CPU.ActiveCfg = Debug|Any CPU
		{C70928DC-B3ED-403D-B498-A14B5AD672DC}.Debug|Any CPU.Build.0 = Debug|Any CPU
		{C70928DC-B3ED-403D-B498-A14B5AD672DC}.Release|Any CPU.ActiveCfg = Release|Any CPU
		{C70928DC-B3ED-403D-B498-A14B5AD672DC}.Release|Any CPU.Build.0 = Release|Any CPU
		{29D9DDCD-C977-4E74-AA87-FC7DC338644B}.Debug|Any CPU.ActiveCfg = Debug|Any CPU
		{29D9DDCD-C977-4E74-AA87-FC7DC338644B}.Debug|Any CPU.Build.0 = Debug|Any CPU
		{29D9DDCD-C977-4E74-AA87-FC7DC338644B}.Release|Any CPU.ActiveCfg = Release|Any CPU
		{29D9DDCD-C977-4E74-AA87-FC7DC338644B}.Release|Any CPU.Build.0 = Release|Any CPU
	EndGlobalSection
	GlobalSection(SolutionProperties) = preSolution
		HideSolutionNode = FALSE
	EndGlobalSection
EndGlobal
